<?xml version="1.0" encoding="utf-8"?>
<Project ToolsVersion="4.0" xmlns="http://schemas.microsoft.com/developer/msbuild/2003">
  <ItemGroup>
    <Filter Include="Header Files">
      <UniqueIdentifier>{7b062dbe-4c51-4664-a1f9-36ddc20071b5}</UniqueIdentifier>
      <Extensions>h;hpp;hxx;hm;inl;fi;fd</Extensions>
    </Filter>
    <Filter Include="Resource Files">
      <UniqueIdentifier>{fe912edf-495e-4734-97da-9d100d5de347}</UniqueIdentifier>
      <Extensions>ico;cur;bmp;dlg;rc2;rct;bin;cnt;rtf;gif;jpg;jpeg;jpe</Extensions>
    </Filter>
    <Filter Include="Supporting Code">
      <UniqueIdentifier>{879121c2-09e4-428d-a6da-b8b30650e9d9}</UniqueIdentifier>
    </Filter>
  </ItemGroup>
  <ItemGroup>
    <ClInclude Include="..\..\include\aescriptsLicensing.h">
      <Filter>Header Files</Filter>
    </ClInclude>
    <ClInclude Include="..\licTestPlugin.h">
      <Filter>Header Files</Filter>
    </ClInclude>
    <ClInclude Include="..\..\include\aescriptsLicensing_AdobeHelpers.h">
      <Filter>Header Files</Filter>
    </ClInclude>
    <ClInclude Include="..\..\include\TMsgDlg.h">
      <Filter>Header Files</Filter>
    </ClInclude>
  </ItemGroup>
  <ItemGroup>
    <ResourceCompile Include="EffectPiPL.rc">
      <Filter>Resource Files</Filter>
    </ResourceCompile>
  </ItemGroup>
  <ItemGroup>
    <ClCompile Include="..\licTestPlugin.cpp" />
    <ClCompile Include="..\..\..\..\Adobe_AfterEffects_SDK\Examples\Util\AEGP_SuiteHandler.cpp">
      <Filter>Supporting Code</Filter>
    </ClCompile>
    <ClCompile Include="..\..\..\..\Adobe_AfterEffects_SDK\Examples\Util\MissingSuiteError.cpp">
      <Filter>Supporting Code</Filter>
    </ClCompile>
    <ClCompile Include="..\..\..\..\Adobe_AfterEffects_SDK\Examples\Util\Smart_Utils.cpp">
      <Filter>Supporting Code</Filter>
    </ClCompile>
  </ItemGroup>
  <ItemGroup>
    <CustomBuild Include="..\EffectPiPL.r">
      <Filter>Resource Files</Filter>
    </CustomBuild>
  </ItemGroup>
</Project>