// !$*UTF8*$!
{
	archiveVersion = 1;
	classes = {
	};
	objectVersion = 46;
	objects = {

/* Begin PBXBuildFile section */
		B30A66E61F82871900984307 /* main.mm in Sources */ = {isa = PBXBuildFile; fileRef = B30A66E51F82871900984307 /* main.mm */; };
		B30A66EA1F82895300984307 /* CoreServices.framework in Frameworks */ = {isa = PBXBuildFile; fileRef = B30A66E91F82895300984307 /* CoreServices.framework */; };
		B30A66EC1F82904E00984307 /* aescriptsLicensing_libc++_Debug_64.a in Frameworks */ = {isa = PBXBuildFile; fileRef = B30A66EB1F82904E00984307 /* aescriptsLicensing_libc++_Debug_64.a */; };
/* End PBXBuildFile section */

/* Begin PBXCopyFilesBuildPhase section */
		B30A66D61F82864700984307 /* CopyFiles */ = {
			isa = PBXCopyFilesBuildPhase;
			buildActionMask = 2147483647;
			dstPath = /usr/share/man/man1/;
			dstSubfolderSpec = 0;
			files = (
			);
			runOnlyForDeploymentPostprocessing = 1;
		};
/* End PBXCopyFilesBuildPhase section */

/* Begin PBXFileReference section */
		B30A66D81F82864700984307 /* ObjCDemo */ = {isa = PBXFileReference; explicitFileType = "compiled.mach-o.executable"; includeInIndex = 0; path = ObjCDemo; sourceTree = BUILT_PRODUCTS_DIR; };
		B30A66E21F82868E00984307 /* aescriptsLicensing.h */ = {isa = PBXFileReference; fileEncoding = 4; lastKnownFileType = sourcecode.c.h; name = aescriptsLicensing.h; path = ../include/aescriptsLicensing.h; sourceTree = "<group>"; };
		B30A66E51F82871900984307 /* main.mm */ = {isa = PBXFileReference; fileEncoding = 4; lastKnownFileType = sourcecode.cpp.objcpp; path = main.mm; sourceTree = "<group>"; };
		B30A66E91F82895300984307 /* CoreServices.framework */ = {isa = PBXFileReference; lastKnownFileType = wrapper.framework; name = CoreServices.framework; path = System/Library/Frameworks/CoreServices.framework; sourceTree = SDKROOT; };
		B30A66EB1F82904E00984307 /* aescriptsLicensing_libc++_Debug_64.a */ = {isa = PBXFileReference; lastKnownFileType = archive.ar; name = "aescriptsLicensing_libc++_Debug_64.a"; path = "../lib/MacOS/aescriptsLicensing_libc++_Debug_64.a"; sourceTree = "<group>"; };
/* End PBXFileReference section */

/* Begin PBXFrameworksBuildPhase section */
		B30A66D51F82864700984307 /* Frameworks */ = {
			isa = PBXFrameworksBuildPhase;
			buildActionMask = 2147483647;
			files = (
				B30A66EA1F82895300984307 /* CoreServices.framework in Frameworks */,
				B30A66EC1F82904E00984307 /* aescriptsLicensing_libc++_Debug_64.a in Frameworks */,
			);
			runOnlyForDeploymentPostprocessing = 0;
		};
/* End PBXFrameworksBuildPhase section */

/* Begin PBXGroup section */
		B30A66CF1F82864700984307 = {
			isa = PBXGroup;
			children = (
				B30A66EB1F82904E00984307 /* aescriptsLicensing_libc++_Debug_64.a */,
				B30A66E91F82895300984307 /* CoreServices.framework */,
				B30A66E51F82871900984307 /* main.mm */,
				B30A66E21F82868E00984307 /* aescriptsLicensing.h */,
				B30A66D91F82864700984307 /* Products */,
			);
			sourceTree = "<group>";
		};
		B30A66D91F82864700984307 /* Products */ = {
			isa = PBXGroup;
			children = (
				B30A66D81F82864700984307 /* ObjCDemo */,
			);
			name = Products;
			sourceTree = "<group>";
		};
/* End PBXGroup section */

/* Begin PBXNativeTarget section */
		B30A66D71F82864700984307 /* ObjCDemo */ = {
			isa = PBXNativeTarget;
			buildConfigurationList = B30A66DF1F82864700984307 /* Build configuration list for PBXNativeTarget "ObjCDemo" */;
			buildPhases = (
				B30A66D41F82864700984307 /* Sources */,
				B30A66D51F82864700984307 /* Frameworks */,
				B30A66D61F82864700984307 /* CopyFiles */,
			);
			buildRules = (
			);
			dependencies = (
			);
			name = ObjCDemo;
			productName = ObjCDemo;
			productReference = B30A66D81F82864700984307 /* ObjCDemo */;
			productType = "com.apple.product-type.tool";
		};
/* End PBXNativeTarget section */

/* Begin PBXProject section */
		B30A66D01F82864700984307 /* Project object */ = {
			isa = PBXProject;
			attributes = {
				LastUpgradeCheck = 0710;
				ORGANIZATIONNAME = aescripts;
				TargetAttributes = {
					B30A66D71F82864700984307 = {
						CreatedOnToolsVersion = 7.1;
					};
				};
			};
			buildConfigurationList = B30A66D31F82864700984307 /* Build configuration list for PBXProject "ObjCDemo" */;
			compatibilityVersion = "Xcode 3.2";
			developmentRegion = English;
			hasScannedForEncodings = 0;
			knownRegions = (
				en,
			);
			mainGroup = B30A66CF1F82864700984307;
			productRefGroup = B30A66D91F82864700984307 /* Products */;
			projectDirPath = "";
			projectRoot = "";
			targets = (
				B30A66D71F82864700984307 /* ObjCDemo */,
			);
		};
/* End PBXProject section */

/* Begin PBXSourcesBuildPhase section */
		B30A66D41F82864700984307 /* Sources */ = {
			isa = PBXSourcesBuildPhase;
			buildActionMask = 2147483647;
			files = (
				B30A66E61F82871900984307 /* main.mm in Sources */,
			);
			runOnlyForDeploymentPostprocessing = 0;
		};
/* End PBXSourcesBuildPhase section */

/* Begin XCBuildConfiguration section */
		B30A66DD1F82864700984307 /* Debug */ = {
			isa = XCBuildConfiguration;
			buildSettings = {
				ALWAYS_SEARCH_USER_PATHS = NO;
				CLANG_CXX_LANGUAGE_STANDARD = "gnu++0x";
				CLANG_CXX_LIBRARY = "libc++";
				CLANG_ENABLE_MODULES = YES;
				CLANG_ENABLE_OBJC_ARC = YES;
				CLANG_WARN_BOOL_CONVERSION = YES;
				CLANG_WARN_CONSTANT_CONVERSION = YES;
				CLANG_WARN_DIRECT_OBJC_ISA_USAGE = YES_ERROR;
				CLANG_WARN_EMPTY_BODY = YES;
				CLANG_WARN_ENUM_CONVERSION = YES;
				CLANG_WARN_INT_CONVERSION = YES;
				CLANG_WARN_OBJC_ROOT_CLASS = YES_ERROR;
				CLANG_WARN_UNREACHABLE_CODE = YES;
				CLANG_WARN__DUPLICATE_METHOD_MATCH = YES;
				CODE_SIGN_IDENTITY = "-";
				COPY_PHASE_STRIP = NO;
				DEBUG_INFORMATION_FORMAT = dwarf;
				ENABLE_STRICT_OBJC_MSGSEND = YES;
				ENABLE_TESTABILITY = YES;
				GCC_C_LANGUAGE_STANDARD = gnu99;
				GCC_DYNAMIC_NO_PIC = NO;
				GCC_NO_COMMON_BLOCKS = YES;
				GCC_OPTIMIZATION_LEVEL = 0;
				GCC_PREPROCESSOR_DEFINITIONS = (
					"DEBUG=1",
					"$(inherited)",
				);
				GCC_WARN_64_TO_32_BIT_CONVERSION = YES;
				GCC_WARN_ABOUT_RETURN_TYPE = YES_ERROR;
				GCC_WARN_UNDECLARED_SELECTOR = YES;
				GCC_WARN_UNINITIALIZED_AUTOS = YES_AGGRESSIVE;
				GCC_WARN_UNUSED_FUNCTION = YES;
				GCC_WARN_UNUSED_VARIABLE = YES;
				MACOSX_DEPLOYMENT_TARGET = 10.11;
				MTL_ENABLE_DEBUG_INFO = YES;
				ONLY_ACTIVE_ARCH = YES;
				SDKROOT = macosx;
			};
			name = Debug;
		};
		B30A66DE1F82864700984307 /* Release */ = {
			isa = XCBuildConfiguration;
			buildSettings = {
				ALWAYS_SEARCH_USER_PATHS = NO;
				CLANG_CXX_LANGUAGE_STANDARD = "gnu++0x";
				CLANG_CXX_LIBRARY = "libc++";
				CLANG_ENABLE_MODULES = YES;
				CLANG_ENABLE_OBJC_ARC = YES;
				CLANG_WARN_BOOL_CONVERSION = YES;
				CLANG_WARN_CONSTANT_CONVERSION = YES;
				CLANG_WARN_DIRECT_OBJC_ISA_USAGE = YES_ERROR;
				CLANG_WARN_EMPTY_BODY = YES;
				CLANG_WARN_ENUM_CONVERSION = YES;
				CLANG_WARN_INT_CONVERSION = YES;
				CLANG_WARN_OBJC_ROOT_CLASS = YES_ERROR;
				CLANG_WARN_UNREACHABLE_CODE = YES;
				CLANG_WARN__DUPLICATE_METHOD_MATCH = YES;
				CODE_SIGN_IDENTITY = "-";
				COPY_PHASE_STRIP = NO;
				DEBUG_INFORMATION_FORMAT = "dwarf-with-dsym";
				ENABLE_NS_ASSERTIONS = NO;
				ENABLE_STRICT_OBJC_MSGSEND = YES;
				GCC_C_LANGUAGE_STANDARD = gnu99;
				GCC_NO_COMMON_BLOCKS = YES;
				GCC_WARN_64_TO_32_BIT_CONVERSION = YES;
				GCC_WARN_ABOUT_RETURN_TYPE = YES_ERROR;
				GCC_WARN_UNDECLARED_SELECTOR = YES;
				GCC_WARN_UNINITIALIZED_AUTOS = YES_AGGRESSIVE;
				GCC_WARN_UNUSED_FUNCTION = YES;
				GCC_WARN_UNUSED_VARIABLE = YES;
				MACOSX_DEPLOYMENT_TARGET = 10.11;
				MTL_ENABLE_DEBUG_INFO = NO;
				SDKROOT = macosx;
			};
			name = Release;
		};
		B30A66E01F82864700984307 /* Debug */ = {
			isa = XCBuildConfiguration;
			buildSettings = {
				PRODUCT_NAME = "$(TARGET_NAME)";
			};
			name = Debug;
		};
		B30A66E11F82864700984307 /* Release */ = {
			isa = XCBuildConfiguration;
			buildSettings = {
				PRODUCT_NAME = "$(TARGET_NAME)";
			};
			name = Release;
		};
/* End XCBuildConfiguration section */

/* Begin XCConfigurationList section */
		B30A66D31F82864700984307 /* Build configuration list for PBXProject "ObjCDemo" */ = {
			isa = XCConfigurationList;
			buildConfigurations = (
				B30A66DD1F82864700984307 /* Debug */,
				B30A66DE1F82864700984307 /* Release */,
			);
			defaultConfigurationIsVisible = 0;
			defaultConfigurationName = Release;
		};
		B30A66DF1F82864700984307 /* Build configuration list for PBXNativeTarget "ObjCDemo" */ = {
			isa = XCConfigurationList;
			buildConfigurations = (
				B30A66E01F82864700984307 /* Debug */,
				B30A66E11F82864700984307 /* Release */,
			);
			defaultConfigurationIsVisible = 0;
			defaultConfigurationName = Release;
		};
/* End XCConfigurationList section */
	};
	rootObject = B30A66D01F82864700984307 /* Project object */;
}
